
Microsoft Visual Studio Solution File, Format Version 12.00
# Visual Studio Version 17
VisualStudioVersion = 17.8.34525.116
MinimumVisualStudioVersion = 10.0.40219.1
Project("{9A19103F-16F7-4668-BE54-9A1E7A4F7556}") = "Ceataec.StandardizedVesselDataset", "src\Ceataec.StandardizedVesselDataset\Ceataec.StandardizedVesselDataset.csproj", "{339ADB00-A9B6-4254-9EA0-9DD103D5796B}"
EndProject
Project("{9A19103F-16F7-4668-BE54-9A1E7A4F7556}") = "Ceataec.StandardizedVesselDataset.Tests", "tests\unit\Ceataec.StandardizedVesselDataset.Tests\Ceataec.StandardizedVesselDataset.Tests.csproj", "{A5F240B6-CCD4-4A8B-9EED-97A9582472CF}"
EndProject
Project("{2150E333-8FDC-42A3-9474-1A3956D46DE8}") = "examples", "examples", "{B2098A62-5B5D-4D0A-B4AC-C65FC8683E90}"
EndProject
Project("{9A19103F-16F7-4668-BE54-9A1E7A4F7556}") = "SimpleExporter", "examples\SimpleExporter\SimpleExporter.csproj", "{FF4953BB-1B94-4E62-85A0-30675EBAD271}"
EndProject
Global
	GlobalSection(SolutionConfigurationPlatforms) = preSolution
		Debug|Any CPU = Debug|Any CPU
		Release|Any CPU = Release|Any CPU
	EndGlobalSection
	GlobalSection(ProjectConfigurationPlatforms) = postSolution
		{339ADB00-A9B6-4254-9EA0-9DD103D5796B}.Debug|Any CPU.ActiveCfg = Debug|Any CPU
		{339ADB00-A9B6-4254-9EA0-9DD103D5796B}.Debug|Any CPU.Build.0 = Debug|Any CPU
		{339ADB00-A9B6-4254-9EA0-9DD103D5796B}.Release|Any CPU.ActiveCfg = Release|Any CPU
		{339ADB00-A9B6-4254-9EA0-9DD103D5796B}.Release|Any CPU.Build.0 = Release|Any CPU
		{A5F240B6-CCD4-4A8B-9EED-97A9582472CF}.Debug|Any CPU.ActiveCfg = Debug|Any CPU
		{A5F240B6-CCD4-4A8B-9EED-97A9582472CF}.Debug|Any CPU.Build.0 = Debug|Any CPU
		{A5F240B6-CCD4-4A8B-9EED-97A9582472CF}.Release|Any CPU.ActiveCfg = Release|Any CPU
		{A5F240B6-CCD4-4A8B-9EED-97A9582472CF}.Release|Any CPU.Build.0 = Release|Any CPU
		{FF4953BB-1B94-4E62-85A0-30675EBAD271}.Debug|Any CPU.ActiveCfg = Debug|Any CPU
		{FF4953BB-1B94-4E62-85A0-30675EBAD271}.Debug|Any CPU.Build.0 = Debug|Any CPU
		{FF4953BB-1B94-4E62-85A0-30675EBAD271}.Release|Any CPU.ActiveCfg = Release|Any CPU
		{FF4953BB-1B94-4E62-85A0-30675EBAD271}.Release|Any CPU.Build.0 = Release|Any CPU
	EndGlobalSection
	GlobalSection(SolutionProperties) = preSolution
		HideSolutionNode = FALSE
	EndGlobalSection
	GlobalSection(NestedProjects) = preSolution
		{FF4953BB-1B94-4E62-85A0-30675EBAD271} = {B2098A62-5B5D-4D0A-B4AC-C65FC8683E90}
	EndGlobalSection
	GlobalSection(ExtensibilityGlobals) = postSolution
		SolutionGuid = {6DABB849-C9A4-4E45-B609-BD2687A3FAB6}
	EndGlobalSection
EndGlobal
